// !$*UTF8*$!
{
	archiveVersion = 1;
	classes = {
	};
	objectVersion = 46;
	objects = {

/* Begin PBXBuildFile section */
		7F2CB63D1960BFA6002176E3 /* Bird.m in Sources */ = {isa = PBXBuildFile; fileRef = 7F2CB63C1960BFA6002176E3 /* Bird.m */; };
		7F81980A196E06EE00E3AB57 /* 1-2.png in Resources */ = {isa = PBXBuildFile; fileRef = 7F819801196E06EE00E3AB57 /* 1-2.png */; };
		7F81980B196E06EE00E3AB57 /* 2-3.png in Resources */ = {isa = PBXBuildFile; fileRef = 7F819802196E06EE00E3AB57 /* 2-3.png */; };
		7F81980C196E06EE00E3AB57 /* 3-4.png in Resources */ = {isa = PBXBuildFile; fileRef = 7F819803196E06EE00E3AB57 /* 3-4.png */; };
		7F81980D196E06EE00E3AB57 /* 4-5.png in Resources */ = {isa = PBXBuildFile; fileRef = 7F819804196E06EE00E3AB57 /* 4-5.png */; };
		7F81980E196E06EE00E3AB57 /* BG1.png in Resources */ = {isa = PBXBuildFile; fileRef = 7F819805196E06EE00E3AB57 /* BG1.png */; };
		7F81980F196E06EE00E3AB57 /* BG2.png in Resources */ = {isa = PBXBuildFile; fileRef = 7F819806196E06EE00E3AB57 /* BG2.png */; };
		7F819810196E06EE00E3AB57 /* BG3.png in Resources */ = {isa = PBXBuildFile; fileRef = 7F819807196E06EE00E3AB57 /* BG3.png */; };
		7F819811196E06EE00E3AB57 /* BG4.png in Resources */ = {isa = PBXBuildFile; fileRef = 7F819808196E06EE00E3AB57 /* BG4.png */; };
		7F819812196E06EE00E3AB57 /* BG5.png in Resources */ = {isa = PBXBuildFile; fileRef = 7F819809196E06EE00E3AB57 /* BG5.png */; };
		AD18B2C2193EDD7800E2BEA7 /* Foundation.framework in Frameworks */ = {isa = PBXBuildFile; fileRef = AD18B2C1193EDD7800E2BEA7 /* Foundation.framework */; };
		AD18B2C4193EDD7800E2BEA7 /* CoreGraphics.framework in Frameworks */ = {isa = PBXBuildFile; fileRef = AD18B2C3193EDD7800E2BEA7 /* CoreGraphics.framework */; };
		AD18B2C6193EDD7800E2BEA7 /* UIKit.framework in Frameworks */ = {isa = PBXBuildFile; fileRef = AD18B2C5193EDD7800E2BEA7 /* UIKit.framework */; };
		AD18B2CC193EDD7800E2BEA7 /* InfoPlist.strings in Resources */ = {isa = PBXBuildFile; fileRef = AD18B2CA193EDD7800E2BEA7 /* InfoPlist.strings */; };
		AD18B2CE193EDD7800E2BEA7 /* main.m in Sources */ = {isa = PBXBuildFile; fileRef = AD18B2CD193EDD7800E2BEA7 /* main.m */; };
		AD18B2D2193EDD7800E2BEA7 /* AppDelegate.m in Sources */ = {isa = PBXBuildFile; fileRef = AD18B2D1193EDD7800E2BEA7 /* AppDelegate.m */; };
		AD18B2D5193EDD7800E2BEA7 /* Main.storyboard in Resources */ = {isa = PBXBuildFile; fileRef = AD18B2D3193EDD7800E2BEA7 /* Main.storyboard */; };
		AD18B2D8193EDD7800E2BEA7 /* ViewController.m in Sources */ = {isa = PBXBuildFile; fileRef = AD18B2D7193EDD7800E2BEA7 /* ViewController.m */; };
		AD18B2DA193EDD7800E2BEA7 /* Images.xcassets in Resources */ = {isa = PBXBuildFile; fileRef = AD18B2D9193EDD7800E2BEA7 /* Images.xcassets */; };
		AD18B2E1193EDD7800E2BEA7 /* XCTest.framework in Frameworks */ = {isa = PBXBuildFile; fileRef = AD18B2E0193EDD7800E2BEA7 /* XCTest.framework */; };
		AD18B2E2193EDD7800E2BEA7 /* Foundation.framework in Frameworks */ = {isa = PBXBuildFile; fileRef = AD18B2C1193EDD7800E2BEA7 /* Foundation.framework */; };
		AD18B2E3193EDD7800E2BEA7 /* UIKit.framework in Frameworks */ = {isa = PBXBuildFile; fileRef = AD18B2C5193EDD7800E2BEA7 /* UIKit.framework */; };
		AD18B2EB193EDD7800E2BEA7 /* InfoPlist.strings in Resources */ = {isa = PBXBuildFile; fileRef = AD18B2E9193EDD7800E2BEA7 /* InfoPlist.strings */; };
		AD18B2ED193EDD7800E2BEA7 /* flyingVTests.m in Sources */ = {isa = PBXBuildFile; fileRef = AD18B2EC193EDD7800E2BEA7 /* flyingVTests.m */; };
		AD18B2F7193EE03E00E2BEA7 /* bat.png in Resources */ = {isa = PBXBuildFile; fileRef = AD18B2F6193EE03E00E2BEA7 /* bat.png */; };
		AD18B2F9194143AB00E2BEA7 /* dragon.png in Resources */ = {isa = PBXBuildFile; fileRef = AD18B2F8194143AB00E2BEA7 /* dragon.png */; };
		AD3EC453196CECB0009DA0F2 /* carrot.png in Resources */ = {isa = PBXBuildFile; fileRef = AD3EC452196CECB0009DA0F2 /* carrot.png */; };
		AD3EC456196F9FA8009DA0F2 /* dataBase.m in Sources */ = {isa = PBXBuildFile; fileRef = AD3EC455196F9FA8009DA0F2 /* dataBase.m */; };
		AD3EC459196FA074009DA0F2 /* StartPageController.m in Sources */ = {isa = PBXBuildFile; fileRef = AD3EC458196FA074009DA0F2 /* StartPageController.m */; };
		AD3EC45B19774A92009DA0F2 /* pauseButton.png in Resources */ = {isa = PBXBuildFile; fileRef = AD3EC45A19774A92009DA0F2 /* pauseButton.png */; };
		AD3EC45D19774A9A009DA0F2 /* playButton.png in Resources */ = {isa = PBXBuildFile; fileRef = AD3EC45C19774A9A009DA0F2 /* playButton.png */; };
		AD8650C31963B10C00893C8F /* ball.png in Resources */ = {isa = PBXBuildFile; fileRef = AD8650C21963B10C00893C8F /* ball.png */; };
		AD8650C61964C7F400893C8F /* flyingObject.m in Sources */ = {isa = PBXBuildFile; fileRef = AD8650C51964C7F400893C8F /* flyingObject.m */; };
/* End PBXBuildFile section */

/* Begin PBXContainerItemProxy section */
		AD18B2E4193EDD7800E2BEA7 /* PBXContainerItemProxy */ = {
			isa = PBXContainerItemProxy;
			containerPortal = AD18B2B6193EDD7800E2BEA7 /* Project object */;
			proxyType = 1;
			remoteGlobalIDString = AD18B2BD193EDD7800E2BEA7;
			remoteInfo = flyingV;
		};
/* End PBXContainerItemProxy section */

/* Begin PBXFileReference section */
		7F2CB63B1960BFA6002176E3 /* Bird.h */ = {isa = PBXFileReference; fileEncoding = 4; lastKnownFileType = sourcecode.c.h; path = Bird.h; sourceTree = "<group>"; };
		7F2CB63C1960BFA6002176E3 /* Bird.m */ = {isa = PBXFileReference; fileEncoding = 4; lastKnownFileType = sourcecode.c.objc; path = Bird.m; sourceTree = "<group>"; };
		7F819801196E06EE00E3AB57 /* 1-2.png */ = {isa = PBXFileReference; lastKnownFileType = image.png; path = "1-2.png"; sourceTree = "<group>"; };
		7F819802196E06EE00E3AB57 /* 2-3.png */ = {isa = PBXFileReference; lastKnownFileType = image.png; path = "2-3.png"; sourceTree = "<group>"; };
		7F819803196E06EE00E3AB57 /* 3-4.png */ = {isa = PBXFileReference; lastKnownFileType = image.png; path = "3-4.png"; sourceTree = "<group>"; };
		7F819804196E06EE00E3AB57 /* 4-5.png */ = {isa = PBXFileReference; lastKnownFileType = image.png; path = "4-5.png"; sourceTree = "<group>"; };
		7F819805196E06EE00E3AB57 /* BG1.png */ = {isa = PBXFileReference; lastKnownFileType = image.png; path = BG1.png; sourceTree = "<group>"; };
		7F819806196E06EE00E3AB57 /* BG2.png */ = {isa = PBXFileReference; lastKnownFileType = image.png; path = BG2.png; sourceTree = "<group>"; };
		7F819807196E06EE00E3AB57 /* BG3.png */ = {isa = PBXFileReference; lastKnownFileType = image.png; path = BG3.png; sourceTree = "<group>"; };
		7F819808196E06EE00E3AB57 /* BG4.png */ = {isa = PBXFileReference; lastKnownFileType = image.png; path = BG4.png; sourceTree = "<group>"; };
		7F819809196E06EE00E3AB57 /* BG5.png */ = {isa = PBXFileReference; lastKnownFileType = image.png; path = BG5.png; sourceTree = "<group>"; };
		AD18B2BE193EDD7800E2BEA7 /* flyingV.app */ = {isa = PBXFileReference; explicitFileType = wrapper.application; includeInIndex = 0; path = flyingV.app; sourceTree = BUILT_PRODUCTS_DIR; };
		AD18B2C1193EDD7800E2BEA7 /* Foundation.framework */ = {isa = PBXFileReference; lastKnownFileType = wrapper.framework; name = Foundation.framework; path = System/Library/Frameworks/Foundation.framework; sourceTree = SDKROOT; };
		AD18B2C3193EDD7800E2BEA7 /* CoreGraphics.framework */ = {isa = PBXFileReference; lastKnownFileType = wrapper.framework; name = CoreGraphics.framework; path = System/Library/Frameworks/CoreGraphics.framework; sourceTree = SDKROOT; };
		AD18B2C5193EDD7800E2BEA7 /* UIKit.framework */ = {isa = PBXFileReference; lastKnownFileType = wrapper.framework; name = UIKit.framework; path = System/Library/Frameworks/UIKit.framework; sourceTree = SDKROOT; };
		AD18B2C9193EDD7800E2BEA7 /* flyingV-Info.plist */ = {isa = PBXFileReference; lastKnownFileType = text.plist.xml; path = "flyingV-Info.plist"; sourceTree = "<group>"; };
		AD18B2CB193EDD7800E2BEA7 /* en */ = {isa = PBXFileReference; lastKnownFileType = text.plist.strings; name = en; path = en.lproj/InfoPlist.strings; sourceTree = "<group>"; };
		AD18B2CD193EDD7800E2BEA7 /* main.m */ = {isa = PBXFileReference; lastKnownFileType = sourcecode.c.objc; path = main.m; sourceTree = "<group>"; };
		AD18B2CF193EDD7800E2BEA7 /* flyingV-Prefix.pch */ = {isa = PBXFileReference; lastKnownFileType = sourcecode.c.h; path = "flyingV-Prefix.pch"; sourceTree = "<group>"; };
		AD18B2D0193EDD7800E2BEA7 /* AppDelegate.h */ = {isa = PBXFileReference; lastKnownFileType = sourcecode.c.h; path = AppDelegate.h; sourceTree = "<group>"; };
		AD18B2D1193EDD7800E2BEA7 /* AppDelegate.m */ = {isa = PBXFileReference; lastKnownFileType = sourcecode.c.objc; path = AppDelegate.m; sourceTree = "<group>"; };
		AD18B2D4193EDD7800E2BEA7 /* Base */ = {isa = PBXFileReference; lastKnownFileType = file.storyboard; name = Base; path = Base.lproj/Main.storyboard; sourceTree = "<group>"; };
		AD18B2D6193EDD7800E2BEA7 /* ViewController.h */ = {isa = PBXFileReference; lastKnownFileType = sourcecode.c.h; path = ViewController.h; sourceTree = "<group>"; };
		AD18B2D7193EDD7800E2BEA7 /* ViewController.m */ = {isa = PBXFileReference; lastKnownFileType = sourcecode.c.objc; path = ViewController.m; sourceTree = "<group>"; };
		AD18B2D9193EDD7800E2BEA7 /* Images.xcassets */ = {isa = PBXFileReference; lastKnownFileType = folder.assetcatalog; path = Images.xcassets; sourceTree = "<group>"; };
		AD18B2DF193EDD7800E2BEA7 /* flyingVTests.xctest */ = {isa = PBXFileReference; explicitFileType = wrapper.cfbundle; includeInIndex = 0; path = flyingVTests.xctest; sourceTree = BUILT_PRODUCTS_DIR; };
		AD18B2E0193EDD7800E2BEA7 /* XCTest.framework */ = {isa = PBXFileReference; lastKnownFileType = wrapper.framework; name = XCTest.framework; path = Library/Frameworks/XCTest.framework; sourceTree = DEVELOPER_DIR; };
		AD18B2E8193EDD7800E2BEA7 /* flyingVTests-Info.plist */ = {isa = PBXFileReference; lastKnownFileType = text.plist.xml; path = "flyingVTests-Info.plist"; sourceTree = "<group>"; };
		AD18B2EA193EDD7800E2BEA7 /* en */ = {isa = PBXFileReference; lastKnownFileType = text.plist.strings; name = en; path = en.lproj/InfoPlist.strings; sourceTree = "<group>"; };
		AD18B2EC193EDD7800E2BEA7 /* flyingVTests.m */ = {isa = PBXFileReference; lastKnownFileType = sourcecode.c.objc; path = flyingVTests.m; sourceTree = "<group>"; };
		AD18B2F6193EE03E00E2BEA7 /* bat.png */ = {isa = PBXFileReference; lastKnownFileType = image.png; path = bat.png; sourceTree = "<group>"; };
		AD18B2F8194143AB00E2BEA7 /* dragon.png */ = {isa = PBXFileReference; lastKnownFileType = image.png; path = dragon.png; sourceTree = "<group>"; };
		AD3EC452196CECB0009DA0F2 /* carrot.png */ = {isa = PBXFileReference; lastKnownFileType = image.png; path = carrot.png; sourceTree = "<group>"; };
		AD3EC454196F9FA8009DA0F2 /* dataBase.h */ = {isa = PBXFileReference; fileEncoding = 4; lastKnownFileType = sourcecode.c.h; path = dataBase.h; sourceTree = "<group>"; };
		AD3EC455196F9FA8009DA0F2 /* dataBase.m */ = {isa = PBXFileReference; fileEncoding = 4; lastKnownFileType = sourcecode.c.objc; path = dataBase.m; sourceTree = "<group>"; };
		AD3EC457196FA074009DA0F2 /* StartPageController.h */ = {isa = PBXFileReference; fileEncoding = 4; lastKnownFileType = sourcecode.c.h; path = StartPageController.h; sourceTree = "<group>"; };
		AD3EC458196FA074009DA0F2 /* StartPageController.m */ = {isa = PBXFileReference; fileEncoding = 4; lastKnownFileType = sourcecode.c.objc; path = StartPageController.m; sourceTree = "<group>"; };
		AD3EC45A19774A92009DA0F2 /* pauseButton.png */ = {isa = PBXFileReference; lastKnownFileType = image.png; path = pauseButton.png; sourceTree = "<group>"; };
		AD3EC45C19774A9A009DA0F2 /* playButton.png */ = {isa = PBXFileReference; lastKnownFileType = image.png; path = playButton.png; sourceTree = "<group>"; };
		AD8650C21963B10C00893C8F /* ball.png */ = {isa = PBXFileReference; lastKnownFileType = image.png; path = ball.png; sourceTree = "<group>"; };
		AD8650C41964C7F400893C8F /* flyingObject.h */ = {isa = PBXFileReference; fileEncoding = 4; lastKnownFileType = sourcecode.c.h; path = flyingObject.h; sourceTree = "<group>"; };
		AD8650C51964C7F400893C8F /* flyingObject.m */ = {isa = PBXFileReference; fileEncoding = 4; lastKnownFileType = sourcecode.c.objc; path = flyingObject.m; sourceTree = "<group>"; };
/* End PBXFileReference section */

/* Begin PBXFrameworksBuildPhase section */
		AD18B2BB193EDD7800E2BEA7 /* Frameworks */ = {
			isa = PBXFrameworksBuildPhase;
			buildActionMask = 2147483647;
			files = (
				AD18B2C4193EDD7800E2BEA7 /* CoreGraphics.framework in Frameworks */,
				AD18B2C6193EDD7800E2BEA7 /* UIKit.framework in Frameworks */,
				AD18B2C2193EDD7800E2BEA7 /* Foundation.framework in Frameworks */,
			);
			runOnlyForDeploymentPostprocessing = 0;
		};
		AD18B2DC193EDD7800E2BEA7 /* Frameworks */ = {
			isa = PBXFrameworksBuildPhase;
			buildActionMask = 2147483647;
			files = (
				AD18B2E1193EDD7800E2BEA7 /* XCTest.framework in Frameworks */,
				AD18B2E3193EDD7800E2BEA7 /* UIKit.framework in Frameworks */,
				AD18B2E2193EDD7800E2BEA7 /* Foundation.framework in Frameworks */,
			);
			runOnlyForDeploymentPostprocessing = 0;
		};
/* End PBXFrameworksBuildPhase section */

/* Begin PBXGroup section */
		AD18B2B5193EDD7800E2BEA7 = {
			isa = PBXGroup;
			children = (
				AD18B2C7193EDD7800E2BEA7 /* flyingV */,
				AD18B2E6193EDD7800E2BEA7 /* flyingVTests */,
				AD18B2C0193EDD7800E2BEA7 /* Frameworks */,
				AD18B2BF193EDD7800E2BEA7 /* Products */,
			);
			sourceTree = "<group>";
		};
		AD18B2BF193EDD7800E2BEA7 /* Products */ = {
			isa = PBXGroup;
			children = (
				AD18B2BE193EDD7800E2BEA7 /* flyingV.app */,
				AD18B2DF193EDD7800E2BEA7 /* flyingVTests.xctest */,
			);
			name = Products;
			sourceTree = "<group>";
		};
		AD18B2C0193EDD7800E2BEA7 /* Frameworks */ = {
			isa = PBXGroup;
			children = (
				AD18B2C1193EDD7800E2BEA7 /* Foundation.framework */,
				AD18B2C3193EDD7800E2BEA7 /* CoreGraphics.framework */,
				AD18B2C5193EDD7800E2BEA7 /* UIKit.framework */,
				AD18B2E0193EDD7800E2BEA7 /* XCTest.framework */,
			);
			name = Frameworks;
			sourceTree = "<group>";
		};
		AD18B2C7193EDD7800E2BEA7 /* flyingV */ = {
			isa = PBXGroup;
			children = (
				AD18B2D0193EDD7800E2BEA7 /* AppDelegate.h */,
				AD18B2D1193EDD7800E2BEA7 /* AppDelegate.m */,
				AD18B2D3193EDD7800E2BEA7 /* Main.storyboard */,
				AD3EC457196FA074009DA0F2 /* StartPageController.h */,
				AD3EC458196FA074009DA0F2 /* StartPageController.m */,
				AD18B2D6193EDD7800E2BEA7 /* ViewController.h */,
				AD18B2D7193EDD7800E2BEA7 /* ViewController.m */,
				AD18B2D9193EDD7800E2BEA7 /* Images.xcassets */,
				AD18B2C8193EDD7800E2BEA7 /* Supporting Files */,
				7F2CB63B1960BFA6002176E3 /* Bird.h */,
				7F2CB63C1960BFA6002176E3 /* Bird.m */,
				AD8650C41964C7F400893C8F /* flyingObject.h */,
				AD8650C51964C7F400893C8F /* flyingObject.m */,
				AD3EC454196F9FA8009DA0F2 /* dataBase.h */,
				AD3EC455196F9FA8009DA0F2 /* dataBase.m */,
			);
			path = flyingV;
			sourceTree = "<group>";
		};
		AD18B2C8193EDD7800E2BEA7 /* Supporting Files */ = {
			isa = PBXGroup;
			children = (
				AD3EC45C19774A9A009DA0F2 /* playButton.png */,
				AD3EC45A19774A92009DA0F2 /* pauseButton.png */,
				7F819801196E06EE00E3AB57 /* 1-2.png */,
				7F819802196E06EE00E3AB57 /* 2-3.png */,
				7F819803196E06EE00E3AB57 /* 3-4.png */,
				7F819804196E06EE00E3AB57 /* 4-5.png */,
				7F819805196E06EE00E3AB57 /* BG1.png */,
				7F819806196E06EE00E3AB57 /* BG2.png */,
				7F819807196E06EE00E3AB57 /* BG3.png */,
				7F819808196E06EE00E3AB57 /* BG4.png */,
				7F819809196E06EE00E3AB57 /* BG5.png */,
				AD3EC452196CECB0009DA0F2 /* carrot.png */,
				AD8650C21963B10C00893C8F /* ball.png */,
				AD18B2F8194143AB00E2BEA7 /* dragon.png */,
				AD18B2F6193EE03E00E2BEA7 /* bat.png */,
				AD18B2C9193EDD7800E2BEA7 /* flyingV-Info.plist */,
				AD18B2CA193EDD7800E2BEA7 /* InfoPlist.strings */,
				AD18B2CD193EDD7800E2BEA7 /* main.m */,
				AD18B2CF193EDD7800E2BEA7 /* flyingV-Prefix.pch */,
			);
			name = "Supporting Files";
			sourceTree = "<group>";
		};
		AD18B2E6193EDD7800E2BEA7 /* flyingVTests */ = {
			isa = PBXGroup;
			children = (
				AD18B2EC193EDD7800E2BEA7 /* flyingVTests.m */,
				AD18B2E7193EDD7800E2BEA7 /* Supporting Files */,
			);
			path = flyingVTests;
			sourceTree = "<group>";
		};
		AD18B2E7193EDD7800E2BEA7 /* Supporting Files */ = {
			isa = PBXGroup;
			children = (
				AD18B2E8193EDD7800E2BEA7 /* flyingVTests-Info.plist */,
				AD18B2E9193EDD7800E2BEA7 /* InfoPlist.strings */,
			);
			name = "Supporting Files";
			sourceTree = "<group>";
		};
/* End PBXGroup section */

/* Begin PBXNativeTarget section */
		AD18B2BD193EDD7800E2BEA7 /* flyingV */ = {
			isa = PBXNativeTarget;
			buildConfigurationList = AD18B2F0193EDD7800E2BEA7 /* Build configuration list for PBXNativeTarget "flyingV" */;
			buildPhases = (
				AD18B2BA193EDD7800E2BEA7 /* Sources */,
				AD18B2BB193EDD7800E2BEA7 /* Frameworks */,
				AD18B2BC193EDD7800E2BEA7 /* Resources */,
			);
			buildRules = (
			);
			dependencies = (
			);
			name = flyingV;
			productName = flyingV;
			productReference = AD18B2BE193EDD7800E2BEA7 /* flyingV.app */;
			productType = "com.apple.product-type.application";
		};
		AD18B2DE193EDD7800E2BEA7 /* flyingVTests */ = {
			isa = PBXNativeTarget;
			buildConfigurationList = AD18B2F3193EDD7800E2BEA7 /* Build configuration list for PBXNativeTarget "flyingVTests" */;
			buildPhases = (
				AD18B2DB193EDD7800E2BEA7 /* Sources */,
				AD18B2DC193EDD7800E2BEA7 /* Frameworks */,
				AD18B2DD193EDD7800E2BEA7 /* Resources */,
			);
			buildRules = (
			);
			dependencies = (
				AD18B2E5193EDD7800E2BEA7 /* PBXTargetDependency */,
			);
			name = flyingVTests;
			productName = flyingVTests;
			productReference = AD18B2DF193EDD7800E2BEA7 /* flyingVTests.xctest */;
			productType = "com.apple.product-type.bundle.unit-test";
		};
/* End PBXNativeTarget section */

/* Begin PBXProject section */
		AD18B2B6193EDD7800E2BEA7 /* Project object */ = {
			isa = PBXProject;
			attributes = {
				LastUpgradeCheck = 0510;
				ORGANIZATIONNAME = vientapps;
				TargetAttributes = {
					AD18B2DE193EDD7800E2BEA7 = {
						TestTargetID = AD18B2BD193EDD7800E2BEA7;
					};
				};
			};
			buildConfigurationList = AD18B2B9193EDD7800E2BEA7 /* Build configuration list for PBXProject "flyingV" */;
			compatibilityVersion = "Xcode 3.2";
			developmentRegion = English;
			hasScannedForEncodings = 0;
			knownRegions = (
				en,
				Base,
			);
			mainGroup = AD18B2B5193EDD7800E2BEA7;
			productRefGroup = AD18B2BF193EDD7800E2BEA7 /* Products */;
			projectDirPath = "";
			projectRoot = "";
			targets = (
				AD18B2BD193EDD7800E2BEA7 /* flyingV */,
				AD18B2DE193EDD7800E2BEA7 /* flyingVTests */,
			);
		};
/* End PBXProject section */

/* Begin PBXResourcesBuildPhase section */
		AD18B2BC193EDD7800E2BEA7 /* Resources */ = {
			isa = PBXResourcesBuildPhase;
			buildActionMask = 2147483647;
			files = (
				7F81980E196E06EE00E3AB57 /* BG1.png in Resources */,
				7F81980C196E06EE00E3AB57 /* 3-4.png in Resources */,
				7F81980D196E06EE00E3AB57 /* 4-5.png in Resources */,
				7F819811196E06EE00E3AB57 /* BG4.png in Resources */,
				AD3EC453196CECB0009DA0F2 /* carrot.png in Resources */,
				AD18B2DA193EDD7800E2BEA7 /* Images.xcassets in Resources */,
				7F81980A196E06EE00E3AB57 /* 1-2.png in Resources */,
				AD3EC45D19774A9A009DA0F2 /* playButton.png in Resources */,
				7F81980B196E06EE00E3AB57 /* 2-3.png in Resources */,
				7F819812196E06EE00E3AB57 /* BG5.png in Resources */,
				AD18B2F9194143AB00E2BEA7 /* dragon.png in Resources */,
				AD8650C31963B10C00893C8F /* ball.png in Resources */,
				AD18B2F7193EE03E00E2BEA7 /* bat.png in Resources */,
				7F819810196E06EE00E3AB57 /* BG3.png in Resources */,
				7F81980F196E06EE00E3AB57 /* BG2.png in Resources */,
				AD3EC45B19774A92009DA0F2 /* pauseButton.png in Resources */,
				AD18B2CC193EDD7800E2BEA7 /* InfoPlist.strings in Resources */,
				AD18B2D5193EDD7800E2BEA7 /* Main.storyboard in Resources */,
			);
			runOnlyForDeploymentPostprocessing = 0;
		};
		AD18B2DD193EDD7800E2BEA7 /* Resources */ = {
			isa = PBXResourcesBuildPhase;
			buildActionMask = 2147483647;
			files = (
				AD18B2EB193EDD7800E2BEA7 /* InfoPlist.strings in Resources */,
			);
			runOnlyForDeploymentPostprocessing = 0;
		};
/* End PBXResourcesBuildPhase section */

/* Begin PBXSourcesBuildPhase section */
		AD18B2BA193EDD7800E2BEA7 /* Sources */ = {
			isa = PBXSourcesBuildPhase;
			buildActionMask = 2147483647;
			files = (
				AD8650C61964C7F400893C8F /* flyingObject.m in Sources */,
				AD18B2D8193EDD7800E2BEA7 /* ViewController.m in Sources */,
				AD3EC459196FA074009DA0F2 /* StartPageController.m in Sources */,
				AD3EC456196F9FA8009DA0F2 /* dataBase.m in Sources */,
				AD18B2D2193EDD7800E2BEA7 /* AppDelegate.m in Sources */,
				7F2CB63D1960BFA6002176E3 /* Bird.m in Sources */,
				AD18B2CE193EDD7800E2BEA7 /* main.m in Sources */,
			);
			runOnlyForDeploymentPostprocessing = 0;
		};
		AD18B2DB193EDD7800E2BEA7 /* Sources */ = {
			isa = PBXSourcesBuildPhase;
			buildActionMask = 2147483647;
			files = (
				AD18B2ED193EDD7800E2BEA7 /* flyingVTests.m in Sources */,
			);
			runOnlyForDeploymentPostprocessing = 0;
		};
/* End PBXSourcesBuildPhase section */

/* Begin PBXTargetDependency section */
		AD18B2E5193EDD7800E2BEA7 /* PBXTargetDependency */ = {
			isa = PBXTargetDependency;
			target = AD18B2BD193EDD7800E2BEA7 /* flyingV */;
			targetProxy = AD18B2E4193EDD7800E2BEA7 /* PBXContainerItemProxy */;
		};
/* End PBXTargetDependency section */

/* Begin PBXVariantGroup section */
		AD18B2CA193EDD7800E2BEA7 /* InfoPlist.strings */ = {
			isa = PBXVariantGroup;
			children = (
				AD18B2CB193EDD7800E2BEA7 /* en */,
			);
			name = InfoPlist.strings;
			sourceTree = "<group>";
		};
		AD18B2D3193EDD7800E2BEA7 /* Main.storyboard */ = {
			isa = PBXVariantGroup;
			children = (
				AD18B2D4193EDD7800E2BEA7 /* Base */,
			);
			name = Main.storyboard;
			sourceTree = "<group>";
		};
		AD18B2E9193EDD7800E2BEA7 /* InfoPlist.strings */ = {
			isa = PBXVariantGroup;
			children = (
				AD18B2EA193EDD7800E2BEA7 /* en */,
			);
			name = InfoPlist.strings;
			sourceTree = "<group>";
		};
/* End PBXVariantGroup section */

/* Begin XCBuildConfiguration section */
		AD18B2EE193EDD7800E2BEA7 /* Debug */ = {
			isa = XCBuildConfiguration;
			buildSettings = {
				ALWAYS_SEARCH_USER_PATHS = NO;
				CLANG_CXX_LANGUAGE_STANDARD = "gnu++0x";
				CLANG_CXX_LIBRARY = "libc++";
				CLANG_ENABLE_MODULES = YES;
				CLANG_ENABLE_OBJC_ARC = YES;
				CLANG_WARN_BOOL_CONVERSION = YES;
				CLANG_WARN_CONSTANT_CONVERSION = YES;
				CLANG_WARN_DIRECT_OBJC_ISA_USAGE = YES_ERROR;
				CLANG_WARN_EMPTY_BODY = YES;
				CLANG_WARN_ENUM_CONVERSION = YES;
				CLANG_WARN_INT_CONVERSION = YES;
				CLANG_WARN_OBJC_ROOT_CLASS = YES_ERROR;
				CLANG_WARN__DUPLICATE_METHOD_MATCH = YES;
				"CODE_SIGN_IDENTITY[sdk=iphoneos*]" = "iPhone Developer";
				COPY_PHASE_STRIP = NO;
				GCC_C_LANGUAGE_STANDARD = gnu99;
				GCC_DYNAMIC_NO_PIC = NO;
				GCC_OPTIMIZATION_LEVEL = 0;
				GCC_PREPROCESSOR_DEFINITIONS = (
					"DEBUG=1",
					"$(inherited)",
				);
				GCC_SYMBOLS_PRIVATE_EXTERN = NO;
				GCC_WARN_64_TO_32_BIT_CONVERSION = YES;
				GCC_WARN_ABOUT_RETURN_TYPE = YES_ERROR;
				GCC_WARN_UNDECLARED_SELECTOR = YES;
				GCC_WARN_UNINITIALIZED_AUTOS = YES_AGGRESSIVE;
				GCC_WARN_UNUSED_FUNCTION = YES;
				GCC_WARN_UNUSED_VARIABLE = YES;
				IPHONEOS_DEPLOYMENT_TARGET = 7.1;
				ONLY_ACTIVE_ARCH = YES;
				SDKROOT = iphoneos;
			};
			name = Debug;
		};
		AD18B2EF193EDD7800E2BEA7 /* Release */ = {
			isa = XCBuildConfiguration;
			buildSettings = {
				ALWAYS_SEARCH_USER_PATHS = NO;
				CLANG_CXX_LANGUAGE_STANDARD = "gnu++0x";
				CLANG_CXX_LIBRARY = "libc++";
				CLANG_ENABLE_MODULES = YES;
				CLANG_ENABLE_OBJC_ARC = YES;
				CLANG_WARN_BOOL_CONVERSION = YES;
				CLANG_WARN_CONSTANT_CONVERSION = YES;
				CLANG_WARN_DIRECT_OBJC_ISA_USAGE = YES_ERROR;
				CLANG_WARN_EMPTY_BODY = YES;
				CLANG_WARN_ENUM_CONVERSION = YES;
				CLANG_WARN_INT_CONVERSION = YES;
				CLANG_WARN_OBJC_ROOT_CLASS = YES_ERROR;
				CLANG_WARN__DUPLICATE_METHOD_MATCH = YES;
				"CODE_SIGN_IDENTITY[sdk=iphoneos*]" = "iPhone Developer";
				COPY_PHASE_STRIP = YES;
				ENABLE_NS_ASSERTIONS = NO;
				GCC_C_LANGUAGE_STANDARD = gnu99;
				GCC_WARN_64_TO_32_BIT_CONVERSION = YES;
				GCC_WARN_ABOUT_RETURN_TYPE = YES_ERROR;
				GCC_WARN_UNDECLARED_SELECTOR = YES;
				GCC_WARN_UNINITIALIZED_AUTOS = YES_AGGRESSIVE;
				GCC_WARN_UNUSED_FUNCTION = YES;
				GCC_WARN_UNUSED_VARIABLE = YES;
				IPHONEOS_DEPLOYMENT_TARGET = 7.1;
				SDKROOT = iphoneos;
				VALIDATE_PRODUCT = YES;
			};
			name = Release;
		};
		AD18B2F1193EDD7800E2BEA7 /* Debug */ = {
			isa = XCBuildConfiguration;
			buildSettings = {
				ASSETCATALOG_COMPILER_APPICON_NAME = AppIcon;
				ASSETCATALOG_COMPILER_LAUNCHIMAGE_NAME = LaunchImage;
				GCC_PRECOMPILE_PREFIX_HEADER = YES;
				GCC_PREFIX_HEADER = "flyingV/flyingV-Prefix.pch";
				INFOPLIST_FILE = "flyingV/flyingV-Info.plist";
				PRODUCT_NAME = "$(TARGET_NAME)";
				WRAPPER_EXTENSION = app;
			};
			name = Debug;
		};
		AD18B2F2193EDD7800E2BEA7 /* Release */ = {
			isa = XCBuildConfiguration;
			buildSettings = {
				ASSETCATALOG_COMPILER_APPICON_NAME = AppIcon;
				ASSETCATALOG_COMPILER_LAUNCHIMAGE_NAME = LaunchImage;
				GCC_PRECOMPILE_PREFIX_HEADER = YES;
				GCC_PREFIX_HEADER = "flyingV/flyingV-Prefix.pch";
				INFOPLIST_FILE = "flyingV/flyingV-Info.plist";
				PRODUCT_NAME = "$(TARGET_NAME)";
				WRAPPER_EXTENSION = app;
			};
			name = Release;
		};
		AD18B2F4193EDD7800E2BEA7 /* Debug */ = {
			isa = XCBuildConfiguration;
			buildSettings = {
				BUNDLE_LOADER = "$(BUILT_PRODUCTS_DIR)/flyingV.app/flyingV";
				FRAMEWORK_SEARCH_PATHS = (
					"$(SDKROOT)/Developer/Library/Frameworks",
					"$(inherited)",
					"$(DEVELOPER_FRAMEWORKS_DIR)",
				);
				GCC_PRECOMPILE_PREFIX_HEADER = YES;
				GCC_PREFIX_HEADER = "flyingV/flyingV-Prefix.pch";
				GCC_PREPROCESSOR_DEFINITIONS = (
					"DEBUG=1",
					"$(inherited)",
				);
				INFOPLIST_FILE = "flyingVTests/flyingVTests-Info.plist";
				PRODUCT_NAME = "$(TARGET_NAME)";
				TEST_HOST = "$(BUNDLE_LOADER)";
				WRAPPER_EXTENSION = xctest;
			};
			name = Debug;
		};
		AD18B2F5193EDD7800E2BEA7 /* Release */ = {
			isa = XCBuildConfiguration;
			buildSettings = {
				BUNDLE_LOADER = "$(BUILT_PRODUCTS_DIR)/flyingV.app/flyingV";
				FRAMEWORK_SEARCH_PATHS = (
					"$(SDKROOT)/Developer/Library/Frameworks",
					"$(inherited)",
					"$(DEVELOPER_FRAMEWORKS_DIR)",
				);
				GCC_PRECOMPILE_PREFIX_HEADER = YES;
				GCC_PREFIX_HEADER = "flyingV/flyingV-Prefix.pch";
				INFOPLIST_FILE = "flyingVTests/flyingVTests-Info.plist";
				PRODUCT_NAME = "$(TARGET_NAME)";
				TEST_HOST = "$(BUNDLE_LOADER)";
				WRAPPER_EXTENSION = xctest;
			};
			name = Release;
		};
/* End XCBuildConfiguration section */

/* Begin XCConfigurationList section */
		AD18B2B9193EDD7800E2BEA7 /* Build configuration list for PBXProject "flyingV" */ = {
			isa = XCConfigurationList;
			buildConfigurations = (
				AD18B2EE193EDD7800E2BEA7 /* Debug */,
				AD18B2EF193EDD7800E2BEA7 /* Release */,
			);
			defaultConfigurationIsVisible = 0;
			defaultConfigurationName = Release;
		};
		AD18B2F0193EDD7800E2BEA7 /* Build configuration list for PBXNativeTarget "flyingV" */ = {
			isa = XCConfigurationList;
			buildConfigurations = (
				AD18B2F1193EDD7800E2BEA7 /* Debug */,
				AD18B2F2193EDD7800E2BEA7 /* Release */,
			);
			defaultConfigurationIsVisible = 0;
			defaultConfigurationName = Release;
		};
		AD18B2F3193EDD7800E2BEA7 /* Build configuration list for PBXNativeTarget "flyingVTests" */ = {
			isa = XCConfigurationList;
			buildConfigurations = (
				AD18B2F4193EDD7800E2BEA7 /* Debug */,
				AD18B2F5193EDD7800E2BEA7 /* Release */,
			);
			defaultConfigurationIsVisible = 0;
			defaultConfigurationName = Release;
		};
/* End XCConfigurationList section */
	};
	rootObject = AD18B2B6193EDD7800E2BEA7 /* Project object */;
}
